
Microsoft Visual Studio Solution File, Format Version 12.00
Project("{FAE04EC0-301F-11D3-BF4B-00C04F79EFBC}") = "NotificationService.Web", "NotificationService.Web\NotificationService.Web.csproj", "{0F04E026-B664-4283-9E78-52D0C784ADA3}"
EndProject
Project("{2150E333-8FDC-42A3-9474-1A3956D46DE8}") = "Solution Items", "Solution Items", "{3129ECE2-7ED6-444A-85C0-A41E6168A1DF}"
	ProjectSection(SolutionItems) = preProject
		docker-compose.yml = docker-compose.yml
	EndProjectSection
EndProject
Global
	GlobalSection(SolutionConfigurationPlatforms) = preSolution
		Debug|Any CPU = Debug|Any CPU
		Release|Any CPU = Release|Any CPU
	EndGlobalSection
	GlobalSection(ProjectConfigurationPlatforms) = postSolution
		{0F04E026-B664-4283-9E78-52D0C784ADA3}.Debug|Any CPU.ActiveCfg = Debug|Any CPU
		{0F04E026-B664-4283-9E78-52D0C784ADA3}.Debug|Any CPU.Build.0 = Debug|Any CPU
		{0F04E026-B664-4283-9E78-52D0C784ADA3}.Release|Any CPU.ActiveCfg = Release|Any CPU
		{0F04E026-B664-4283-9E78-52D0C784ADA3}.Release|Any CPU.Build.0 = Release|Any CPU
	EndGlobalSection
EndGlobal
